
Microsoft Visual Studio Solution File, Format Version 12.00
Project("{FAE04EC0-301F-11D3-BF4B-00C04F79EFBC}") = "WheelWizard", "WheelWizard\WheelWizard.csproj", "{DF73A1D9-B01E-4826-A0F3-A8105E66A931}"
EndProject
Global
	GlobalSection(SolutionConfigurationPlatforms) = preSolution
		Debug|Any CPU = Debug|Any CPU
		Release|Any CPU = Release|Any CPU
	EndGlobalSection
	GlobalSection(ProjectConfigurationPlatforms) = postSolution
		{DF73A1D9-B01E-4826-A0F3-A8105E66A931}.Debug|Any CPU.ActiveCfg = Debug|Any CPU
		{DF73A1D9-B01E-4826-A0F3-A8105E66A931}.Debug|Any CPU.Build.0 = Debug|Any CPU
		{DF73A1D9-B01E-4826-A0F3-A8105E66A931}.Release|Any CPU.ActiveCfg = Release|Any CPU
		{DF73A1D9-B01E-4826-A0F3-A8105E66A931}.Release|Any CPU.Build.0 = Release|Any CPU
	EndGlobalSection
EndGlobal
